# THIS IS AN AUTOGENERATED FILE. DO NOT EDIT THIS FILE DIRECTLY.
# yarn lockfile v1


json-csv@^4.0.7:
  version "4.0.7"
  resolved "https://registry.yarnpkg.com/json-csv/-/json-csv-4.0.7.tgz#ee452226f3bb99e33e8e6c087a085eafe84b9373"
  integrity sha512-b2IDibY4B6OSgzRqncbXV24KqMVnjOBxSA4zLw3nutwZfUm0hsy4AGTf8PH4vaVRgcDAG3aBfwlPu7KDrlINtA==
